{
  "requires": true,
  "lockfileVersion": 1,
  "dependencies": {
    "core-js": {
      "version": "3.22.8",
      "resolved": "https://registry.npmjs.org/core-js/-/core-js-3.22.8.tgz",
      "integrity": "sha512-UoGQ/cfzGYIuiq6Z7vWL1HfkE9U9IZ4Ub+0XSiJTCzvbZzgPA69oDF2f+lgJ6dFFLEdjW5O6svvoKzXX23xFkA=="
    },
    "react-notification-badge": {
      "version": "1.5.1",
      "resolved": "https://registry.npmjs.org/react-notification-badge/-/react-notification-badge-1.5.1.tgz",
      "integrity": "sha512-4/kFrQcJ7eMfYh9SdXXgBaaEDCIV7UsLX5bgSS1aj+OnX2OpIFTatY3Dclo8qLpkX+Ue6x0Aiib+U9dkDKrSwQ==",
      "requires": {
        "core-js": "3"
      }
    }
  }
}
